
Microsoft Visual Studio Solution File, Format Version 12.00
# Visual Studio Version 16
VisualStudioVersion = 16.0.29519.87
MinimumVisualStudioVersion = 10.0.40219.1
Project("{FAE04EC0-301F-11D3-BF4B-00C04F79EFBC}") = "IndexProject", "IndexProject.csproj", "{A5AE09F9-B07B-454B-96DA-10D4AF1EBB04}"
EndProject
Global
	GlobalSection(SolutionConfigurationPlatforms) = preSolution
		Debug|Any CPU = Debug|Any CPU
		Release|Any CPU = Release|Any CPU
	EndGlobalSection
	GlobalSection(ProjectConfigurationPlatforms) = postSolution
		{A5AE09F9-B07B-454B-96DA-10D4AF1EBB04}.Debug|Any CPU.ActiveCfg = Debug|Any CPU
		{A5AE09F9-B07B-454B-96DA-10D4AF1EBB04}.Debug|Any CPU.Build.0 = Debug|Any CPU
		{A5AE09F9-B07B-454B-96DA-10D4AF1EBB04}.Release|Any CPU.ActiveCfg = Release|Any CPU
		{A5AE09F9-B07B-454B-96DA-10D4AF1EBB04}.Release|Any CPU.Build.0 = Release|Any CPU
	EndGlobalSection
	GlobalSection(SolutionProperties) = preSolution
		HideSolutionNode = FALSE
	EndGlobalSection
	GlobalSection(ExtensibilityGlobals) = postSolution
		SolutionGuid = {11C6BD0F-999A-49ED-AD2A-7415CC66510F}
	EndGlobalSection
EndGlobal
