
Microsoft Visual Studio Solution File, Format Version 12.00
# Visual Studio Version 16
VisualStudioVersion = 16.0.30503.244
MinimumVisualStudioVersion = 10.0.40219.1
Project("{FAE04EC0-301F-11D3-BF4B-00C04F79EFBC}") = "ClassAbstract", "ClassAbstract\ClassAbstract.csproj", "{661DF255-33DB-4F04-8764-5D3F74EB52EC}"
EndProject
Global
	GlobalSection(SolutionConfigurationPlatforms) = preSolution
		Debug|Any CPU = Debug|Any CPU
		Release|Any CPU = Release|Any CPU
	EndGlobalSection
	GlobalSection(ProjectConfigurationPlatforms) = postSolution
		{661DF255-33DB-4F04-8764-5D3F74EB52EC}.Debug|Any CPU.ActiveCfg = Debug|Any CPU
		{661DF255-33DB-4F04-8764-5D3F74EB52EC}.Debug|Any CPU.Build.0 = Debug|Any CPU
		{661DF255-33DB-4F04-8764-5D3F74EB52EC}.Release|Any CPU.ActiveCfg = Release|Any CPU
		{661DF255-33DB-4F04-8764-5D3F74EB52EC}.Release|Any CPU.Build.0 = Release|Any CPU
	EndGlobalSection
	GlobalSection(SolutionProperties) = preSolution
		HideSolutionNode = FALSE
	EndGlobalSection
	GlobalSection(ExtensibilityGlobals) = postSolution
		SolutionGuid = {798040E4-0EC0-4C47-8307-4DE69B57765C}
	EndGlobalSection
EndGlobal
